
Microsoft Visual Studio Solution File, Format Version 12.00
# Visual Studio 14
VisualStudioVersion = 14.0.25420.1
MinimumVisualStudioVersion = 10.0.40219.1
Project("{FAE04EC0-301F-11D3-BF4B-00C04F79EFBC}") = "AdvancedCalculatorUniversal", "AdvancedCalculatorUniversal\AdvancedCalculatorUniversalVS2017.csproj", "{8E3E4E53-FC17-4907-97AE-C088FF0A21DF}"
EndProject
Project("{FAE04EC0-301F-11D3-BF4B-00C04F79EFBC}") = "BluetoothCalculatorUniversal", "BluetoothCalculatorUniversal\BluetoothCalculatorUniversalVS2017.csproj", "{6B3FA63E-9ECB-4B5F-B514-44B6EA47A6D4}"
EndProject
Global
	GlobalSection(SolutionConfigurationPlatforms) = preSolution
		Debug|ARM = Debug|ARM
		Debug|x64 = Debug|x64
		Debug|x86 = Debug|x86
		Release|ARM = Release|ARM
		Release|x64 = Release|x64
		Release|x86 = Release|x86
	EndGlobalSection
	GlobalSection(ProjectConfigurationPlatforms) = postSolution
		{8E3E4E53-FC17-4907-97AE-C088FF0A21DF}.Debug|ARM.ActiveCfg = Debug|ARM
		{8E3E4E53-FC17-4907-97AE-C088FF0A21DF}.Debug|ARM.Build.0 = Debug|ARM
		{8E3E4E53-FC17-4907-97AE-C088FF0A21DF}.Debug|ARM.Deploy.0 = Debug|ARM
		{8E3E4E53-FC17-4907-97AE-C088FF0A21DF}.Debug|x64.ActiveCfg = Debug|x64
		{8E3E4E53-FC17-4907-97AE-C088FF0A21DF}.Debug|x64.Build.0 = Debug|x64
		{8E3E4E53-FC17-4907-97AE-C088FF0A21DF}.Debug|x64.Deploy.0 = Debug|x64
		{8E3E4E53-FC17-4907-97AE-C088FF0A21DF}.Debug|x86.ActiveCfg = Debug|x86
		{8E3E4E53-FC17-4907-97AE-C088FF0A21DF}.Debug|x86.Build.0 = Debug|x86
		{8E3E4E53-FC17-4907-97AE-C088FF0A21DF}.Debug|x86.Deploy.0 = Debug|x86
		{8E3E4E53-FC17-4907-97AE-C088FF0A21DF}.Release|ARM.ActiveCfg = Release|ARM
		{8E3E4E53-FC17-4907-97AE-C088FF0A21DF}.Release|ARM.Build.0 = Release|ARM
		{8E3E4E53-FC17-4907-97AE-C088FF0A21DF}.Release|ARM.Deploy.0 = Release|ARM
		{8E3E4E53-FC17-4907-97AE-C088FF0A21DF}.Release|x64.ActiveCfg = Release|x64
		{8E3E4E53-FC17-4907-97AE-C088FF0A21DF}.Release|x64.Build.0 = Release|x64
		{8E3E4E53-FC17-4907-97AE-C088FF0A21DF}.Release|x64.Deploy.0 = Release|x64
		{8E3E4E53-FC17-4907-97AE-C088FF0A21DF}.Release|x86.ActiveCfg = Release|x86
		{8E3E4E53-FC17-4907-97AE-C088FF0A21DF}.Release|x86.Build.0 = Release|x86
		{8E3E4E53-FC17-4907-97AE-C088FF0A21DF}.Release|x86.Deploy.0 = Release|x86
		{6B3FA63E-9ECB-4B5F-B514-44B6EA47A6D4}.Debug|ARM.ActiveCfg = Debug|ARM
		{6B3FA63E-9ECB-4B5F-B514-44B6EA47A6D4}.Debug|ARM.Build.0 = Debug|ARM
		{6B3FA63E-9ECB-4B5F-B514-44B6EA47A6D4}.Debug|ARM.Deploy.0 = Debug|ARM
		{6B3FA63E-9ECB-4B5F-B514-44B6EA47A6D4}.Debug|x64.ActiveCfg = Debug|x64
		{6B3FA63E-9ECB-4B5F-B514-44B6EA47A6D4}.Debug|x64.Build.0 = Debug|x64
		{6B3FA63E-9ECB-4B5F-B514-44B6EA47A6D4}.Debug|x64.Deploy.0 = Debug|x64
		{6B3FA63E-9ECB-4B5F-B514-44B6EA47A6D4}.Debug|x86.ActiveCfg = Debug|x86
		{6B3FA63E-9ECB-4B5F-B514-44B6EA47A6D4}.Debug|x86.Build.0 = Debug|x86
		{6B3FA63E-9ECB-4B5F-B514-44B6EA47A6D4}.Debug|x86.Deploy.0 = Debug|x86
		{6B3FA63E-9ECB-4B5F-B514-44B6EA47A6D4}.Release|ARM.ActiveCfg = Release|ARM
		{6B3FA63E-9ECB-4B5F-B514-44B6EA47A6D4}.Release|ARM.Build.0 = Release|ARM
		{6B3FA63E-9ECB-4B5F-B514-44B6EA47A6D4}.Release|ARM.Deploy.0 = Release|ARM
		{6B3FA63E-9ECB-4B5F-B514-44B6EA47A6D4}.Release|x64.ActiveCfg = Release|x64
		{6B3FA63E-9ECB-4B5F-B514-44B6EA47A6D4}.Release|x64.Build.0 = Release|x64
		{6B3FA63E-9ECB-4B5F-B514-44B6EA47A6D4}.Release|x64.Deploy.0 = Release|x64
		{6B3FA63E-9ECB-4B5F-B514-44B6EA47A6D4}.Release|x86.ActiveCfg = Release|x86
		{6B3FA63E-9ECB-4B5F-B514-44B6EA47A6D4}.Release|x86.Build.0 = Release|x86
		{6B3FA63E-9ECB-4B5F-B514-44B6EA47A6D4}.Release|x86.Deploy.0 = Release|x86
		{1E8DCEEE-52E1-40F2-8413-CA58C2CA1A09}.Debug|ARM.ActiveCfg = Debug|ARM
		{1E8DCEEE-52E1-40F2-8413-CA58C2CA1A09}.Debug|ARM.Build.0 = Debug|ARM
		{1E8DCEEE-52E1-40F2-8413-CA58C2CA1A09}.Debug|ARM.Deploy.0 = Debug|ARM
		{1E8DCEEE-52E1-40F2-8413-CA58C2CA1A09}.Debug|x64.ActiveCfg = Debug|x64
		{1E8DCEEE-52E1-40F2-8413-CA58C2CA1A09}.Debug|x64.Build.0 = Debug|x64
		{1E8DCEEE-52E1-40F2-8413-CA58C2CA1A09}.Debug|x64.Deploy.0 = Debug|x64
		{1E8DCEEE-52E1-40F2-8413-CA58C2CA1A09}.Debug|x86.ActiveCfg = Debug|x86
		{1E8DCEEE-52E1-40F2-8413-CA58C2CA1A09}.Debug|x86.Build.0 = Debug|x86
		{1E8DCEEE-52E1-40F2-8413-CA58C2CA1A09}.Debug|x86.Deploy.0 = Debug|x86
		{1E8DCEEE-52E1-40F2-8413-CA58C2CA1A09}.Release|ARM.ActiveCfg = Release|ARM
		{1E8DCEEE-52E1-40F2-8413-CA58C2CA1A09}.Release|ARM.Build.0 = Release|ARM
		{1E8DCEEE-52E1-40F2-8413-CA58C2CA1A09}.Release|ARM.Deploy.0 = Release|ARM
		{1E8DCEEE-52E1-40F2-8413-CA58C2CA1A09}.Release|x64.ActiveCfg = Release|x64
		{1E8DCEEE-52E1-40F2-8413-CA58C2CA1A09}.Release|x64.Build.0 = Release|x64
		{1E8DCEEE-52E1-40F2-8413-CA58C2CA1A09}.Release|x64.Deploy.0 = Release|x64
		{1E8DCEEE-52E1-40F2-8413-CA58C2CA1A09}.Release|x86.ActiveCfg = Release|x86
		{1E8DCEEE-52E1-40F2-8413-CA58C2CA1A09}.Release|x86.Build.0 = Release|x86
		{1E8DCEEE-52E1-40F2-8413-CA58C2CA1A09}.Release|x86.Deploy.0 = Release|x86
	EndGlobalSection
	GlobalSection(SolutionProperties) = preSolution
		HideSolutionNode = FALSE
	EndGlobalSection
EndGlobal
